
Microsoft Visual Studio Solution File, Format Version 12.00
# Visual Studio 2013
Project("{FAE04EC0-301F-11D3-BF4B-00C04F79EFBC}") = "UnityVS.- Space Ship.CSharp", "UnityVS.- Space Ship.CSharp.csproj", "{BFD17B50-8D2D-0469-AEBD-06D5CE5AD5E2}"
EndProject
Project("{FAE04EC0-301F-11D3-BF4B-00C04F79EFBC}") = "UnityVS.- Space Ship.CSharp.Editor", "UnityVS.- Space Ship.CSharp.Editor.csproj", "{77B5070B-12FD-C844-BEBB-D3AD9414EC29}"
EndProject
Global
	GlobalSection(SolutionConfigurationPlatforms) = preSolution
		Debug|Any CPU = Debug|Any CPU
		Release|Any CPU = Release|Any CPU
	EndGlobalSection
	GlobalSection(ProjectConfigurationPlatforms) = postSolution
		{BFD17B50-8D2D-0469-AEBD-06D5CE5AD5E2}.Debug|Any CPU.ActiveCfg = Debug|Any CPU
		{BFD17B50-8D2D-0469-AEBD-06D5CE5AD5E2}.Debug|Any CPU.Build.0 = Debug|Any CPU
		{BFD17B50-8D2D-0469-AEBD-06D5CE5AD5E2}.Release|Any CPU.ActiveCfg = Release|Any CPU
		{BFD17B50-8D2D-0469-AEBD-06D5CE5AD5E2}.Release|Any CPU.Build.0 = Release|Any CPU
		{77B5070B-12FD-C844-BEBB-D3AD9414EC29}.Debug|Any CPU.ActiveCfg = Debug|Any CPU
		{77B5070B-12FD-C844-BEBB-D3AD9414EC29}.Debug|Any CPU.Build.0 = Debug|Any CPU
		{77B5070B-12FD-C844-BEBB-D3AD9414EC29}.Release|Any CPU.ActiveCfg = Release|Any CPU
		{77B5070B-12FD-C844-BEBB-D3AD9414EC29}.Release|Any CPU.Build.0 = Release|Any CPU
	EndGlobalSection
	GlobalSection(SolutionProperties) = preSolution
		HideSolutionNode = FALSE
	EndGlobalSection
EndGlobal
