
Microsoft Visual Studio Solution File, Format Version 12.00
# Visual Studio 14
VisualStudioVersion = 14.0.23107.0
MinimumVisualStudioVersion = 10.0.40219.1
Project("{2150E333-8FDC-42A3-9474-1A3956D46DE8}") = "Parsing_Lexing", "Parsing_Lexing", "{CB7782FA-79D8-4BA7-8D9F-E5C0E2F3307F}"
EndProject
Project("{F2A71F9B-5D33-465A-A702-920D77279786}") = "CasanovaCompiler", "CasanovaCompiler\CasanovaCompiler.fsproj", "{BCA8EA36-CE1F-4999-BF57-2429436CAEB0}"
EndProject
Project("{F2A71F9B-5D33-465A-A702-920D77279786}") = "FSComp", "FSComp\FSComp.fsproj", "{D9B67B5C-05D1-4EB0-8F71-429758AE6A20}"
EndProject
Project("{F2A71F9B-5D33-465A-A702-920D77279786}") = "Utilities", "Utilities\Utilities.fsproj", "{34CC8365-7D54-4FF7-8AD3-35E4E5FF83FF}"
EndProject
Project("{F2A71F9B-5D33-465A-A702-920D77279786}") = "Ast", "Ast\Ast.fsproj", "{641E6C1B-C910-4056-9107-03F7823E37E8}"
EndProject
Project("{FAE04EC0-301F-11D3-BF4B-00C04F79EFBC}") = "CSharpTestProoject", "CSharpTestProoject\CSharpTestProoject.csproj", "{237FEE98-4EB5-42F8-B670-B0455AC86A24}"
EndProject
Project("{F2A71F9B-5D33-465A-A702-920D77279786}") = "LexYacc", "LexYacc\LexYacc.fsproj", "{884B8EF4-9F45-4B36-A19F-E313085BA1D7}"
EndProject
Global
	GlobalSection(SolutionConfigurationPlatforms) = preSolution
		Debug|Any CPU = Debug|Any CPU
		Debug|Mixed Platforms = Debug|Mixed Platforms
		Debug|x86 = Debug|x86
		Release|Any CPU = Release|Any CPU
		Release|Mixed Platforms = Release|Mixed Platforms
		Release|x86 = Release|x86
		TEST|Any CPU = TEST|Any CPU
		TEST|Mixed Platforms = TEST|Mixed Platforms
		TEST|x86 = TEST|x86
	EndGlobalSection
	GlobalSection(ProjectConfigurationPlatforms) = postSolution
		{BCA8EA36-CE1F-4999-BF57-2429436CAEB0}.Debug|Any CPU.ActiveCfg = Debug|Any CPU
		{BCA8EA36-CE1F-4999-BF57-2429436CAEB0}.Debug|Any CPU.Build.0 = Debug|Any CPU
		{BCA8EA36-CE1F-4999-BF57-2429436CAEB0}.Debug|Mixed Platforms.ActiveCfg = Debug|Any CPU
		{BCA8EA36-CE1F-4999-BF57-2429436CAEB0}.Debug|Mixed Platforms.Build.0 = Debug|Any CPU
		{BCA8EA36-CE1F-4999-BF57-2429436CAEB0}.Debug|x86.ActiveCfg = Debug|Any CPU
		{BCA8EA36-CE1F-4999-BF57-2429436CAEB0}.Release|Any CPU.ActiveCfg = Release|Any CPU
		{BCA8EA36-CE1F-4999-BF57-2429436CAEB0}.Release|Any CPU.Build.0 = Release|Any CPU
		{BCA8EA36-CE1F-4999-BF57-2429436CAEB0}.Release|Mixed Platforms.ActiveCfg = Release|Any CPU
		{BCA8EA36-CE1F-4999-BF57-2429436CAEB0}.Release|Mixed Platforms.Build.0 = Release|Any CPU
		{BCA8EA36-CE1F-4999-BF57-2429436CAEB0}.Release|x86.ActiveCfg = Release|Any CPU
		{BCA8EA36-CE1F-4999-BF57-2429436CAEB0}.TEST|Any CPU.ActiveCfg = TEST|Any CPU
		{BCA8EA36-CE1F-4999-BF57-2429436CAEB0}.TEST|Any CPU.Build.0 = TEST|Any CPU
		{BCA8EA36-CE1F-4999-BF57-2429436CAEB0}.TEST|Mixed Platforms.ActiveCfg = TEST|Any CPU
		{BCA8EA36-CE1F-4999-BF57-2429436CAEB0}.TEST|Mixed Platforms.Build.0 = TEST|Any CPU
		{BCA8EA36-CE1F-4999-BF57-2429436CAEB0}.TEST|x86.ActiveCfg = TEST|Any CPU
		{D9B67B5C-05D1-4EB0-8F71-429758AE6A20}.Debug|Any CPU.ActiveCfg = Debug|Any CPU
		{D9B67B5C-05D1-4EB0-8F71-429758AE6A20}.Debug|Any CPU.Build.0 = Debug|Any CPU
		{D9B67B5C-05D1-4EB0-8F71-429758AE6A20}.Debug|Mixed Platforms.ActiveCfg = Debug|Any CPU
		{D9B67B5C-05D1-4EB0-8F71-429758AE6A20}.Debug|Mixed Platforms.Build.0 = Debug|Any CPU
		{D9B67B5C-05D1-4EB0-8F71-429758AE6A20}.Debug|x86.ActiveCfg = Debug|Any CPU
		{D9B67B5C-05D1-4EB0-8F71-429758AE6A20}.Release|Any CPU.ActiveCfg = Release|Any CPU
		{D9B67B5C-05D1-4EB0-8F71-429758AE6A20}.Release|Any CPU.Build.0 = Release|Any CPU
		{D9B67B5C-05D1-4EB0-8F71-429758AE6A20}.Release|Mixed Platforms.ActiveCfg = Release|Any CPU
		{D9B67B5C-05D1-4EB0-8F71-429758AE6A20}.Release|Mixed Platforms.Build.0 = Release|Any CPU
		{D9B67B5C-05D1-4EB0-8F71-429758AE6A20}.Release|x86.ActiveCfg = Release|Any CPU
		{D9B67B5C-05D1-4EB0-8F71-429758AE6A20}.TEST|Any CPU.ActiveCfg = TEST|Any CPU
		{D9B67B5C-05D1-4EB0-8F71-429758AE6A20}.TEST|Any CPU.Build.0 = TEST|Any CPU
		{D9B67B5C-05D1-4EB0-8F71-429758AE6A20}.TEST|Mixed Platforms.ActiveCfg = TEST|Any CPU
		{D9B67B5C-05D1-4EB0-8F71-429758AE6A20}.TEST|Mixed Platforms.Build.0 = TEST|Any CPU
		{D9B67B5C-05D1-4EB0-8F71-429758AE6A20}.TEST|x86.ActiveCfg = TEST|Any CPU
		{34CC8365-7D54-4FF7-8AD3-35E4E5FF83FF}.Debug|Any CPU.ActiveCfg = Debug|Any CPU
		{34CC8365-7D54-4FF7-8AD3-35E4E5FF83FF}.Debug|Any CPU.Build.0 = Debug|Any CPU
		{34CC8365-7D54-4FF7-8AD3-35E4E5FF83FF}.Debug|Mixed Platforms.ActiveCfg = Debug|Any CPU
		{34CC8365-7D54-4FF7-8AD3-35E4E5FF83FF}.Debug|Mixed Platforms.Build.0 = Debug|Any CPU
		{34CC8365-7D54-4FF7-8AD3-35E4E5FF83FF}.Debug|x86.ActiveCfg = Debug|Any CPU
		{34CC8365-7D54-4FF7-8AD3-35E4E5FF83FF}.Release|Any CPU.ActiveCfg = Release|Any CPU
		{34CC8365-7D54-4FF7-8AD3-35E4E5FF83FF}.Release|Any CPU.Build.0 = Release|Any CPU
		{34CC8365-7D54-4FF7-8AD3-35E4E5FF83FF}.Release|Mixed Platforms.ActiveCfg = Release|Any CPU
		{34CC8365-7D54-4FF7-8AD3-35E4E5FF83FF}.Release|Mixed Platforms.Build.0 = Release|Any CPU
		{34CC8365-7D54-4FF7-8AD3-35E4E5FF83FF}.Release|x86.ActiveCfg = Release|Any CPU
		{34CC8365-7D54-4FF7-8AD3-35E4E5FF83FF}.TEST|Any CPU.ActiveCfg = TEST|Any CPU
		{34CC8365-7D54-4FF7-8AD3-35E4E5FF83FF}.TEST|Any CPU.Build.0 = TEST|Any CPU
		{34CC8365-7D54-4FF7-8AD3-35E4E5FF83FF}.TEST|Mixed Platforms.ActiveCfg = TEST|Any CPU
		{34CC8365-7D54-4FF7-8AD3-35E4E5FF83FF}.TEST|Mixed Platforms.Build.0 = TEST|Any CPU
		{34CC8365-7D54-4FF7-8AD3-35E4E5FF83FF}.TEST|x86.ActiveCfg = TEST|Any CPU
		{641E6C1B-C910-4056-9107-03F7823E37E8}.Debug|Any CPU.ActiveCfg = Debug|Any CPU
		{641E6C1B-C910-4056-9107-03F7823E37E8}.Debug|Any CPU.Build.0 = Debug|Any CPU
		{641E6C1B-C910-4056-9107-03F7823E37E8}.Debug|Mixed Platforms.ActiveCfg = Debug|Any CPU
		{641E6C1B-C910-4056-9107-03F7823E37E8}.Debug|Mixed Platforms.Build.0 = Debug|Any CPU
		{641E6C1B-C910-4056-9107-03F7823E37E8}.Debug|x86.ActiveCfg = Debug|Any CPU
		{641E6C1B-C910-4056-9107-03F7823E37E8}.Release|Any CPU.ActiveCfg = Release|Any CPU
		{641E6C1B-C910-4056-9107-03F7823E37E8}.Release|Any CPU.Build.0 = Release|Any CPU
		{641E6C1B-C910-4056-9107-03F7823E37E8}.Release|Mixed Platforms.ActiveCfg = Release|Any CPU
		{641E6C1B-C910-4056-9107-03F7823E37E8}.Release|Mixed Platforms.Build.0 = Release|Any CPU
		{641E6C1B-C910-4056-9107-03F7823E37E8}.Release|x86.ActiveCfg = Release|Any CPU
		{641E6C1B-C910-4056-9107-03F7823E37E8}.TEST|Any CPU.ActiveCfg = TEST|Any CPU
		{641E6C1B-C910-4056-9107-03F7823E37E8}.TEST|Any CPU.Build.0 = TEST|Any CPU
		{641E6C1B-C910-4056-9107-03F7823E37E8}.TEST|Mixed Platforms.ActiveCfg = TEST|Any CPU
		{641E6C1B-C910-4056-9107-03F7823E37E8}.TEST|Mixed Platforms.Build.0 = TEST|Any CPU
		{641E6C1B-C910-4056-9107-03F7823E37E8}.TEST|x86.ActiveCfg = TEST|Any CPU
		{237FEE98-4EB5-42F8-B670-B0455AC86A24}.Debug|Any CPU.ActiveCfg = Debug|Any CPU
		{237FEE98-4EB5-42F8-B670-B0455AC86A24}.Debug|Any CPU.Build.0 = Debug|Any CPU
		{237FEE98-4EB5-42F8-B670-B0455AC86A24}.Debug|Mixed Platforms.ActiveCfg = Debug|Any CPU
		{237FEE98-4EB5-42F8-B670-B0455AC86A24}.Debug|Mixed Platforms.Build.0 = Debug|Any CPU
		{237FEE98-4EB5-42F8-B670-B0455AC86A24}.Debug|x86.ActiveCfg = Debug|Any CPU
		{237FEE98-4EB5-42F8-B670-B0455AC86A24}.Release|Any CPU.ActiveCfg = Release|Any CPU
		{237FEE98-4EB5-42F8-B670-B0455AC86A24}.Release|Any CPU.Build.0 = Release|Any CPU
		{237FEE98-4EB5-42F8-B670-B0455AC86A24}.Release|Mixed Platforms.ActiveCfg = Release|Any CPU
		{237FEE98-4EB5-42F8-B670-B0455AC86A24}.Release|Mixed Platforms.Build.0 = Release|Any CPU
		{237FEE98-4EB5-42F8-B670-B0455AC86A24}.Release|x86.ActiveCfg = Release|Any CPU
		{237FEE98-4EB5-42F8-B670-B0455AC86A24}.TEST|Any CPU.ActiveCfg = TEST|Any CPU
		{237FEE98-4EB5-42F8-B670-B0455AC86A24}.TEST|Any CPU.Build.0 = TEST|Any CPU
		{237FEE98-4EB5-42F8-B670-B0455AC86A24}.TEST|Mixed Platforms.ActiveCfg = TEST|Any CPU
		{237FEE98-4EB5-42F8-B670-B0455AC86A24}.TEST|Mixed Platforms.Build.0 = TEST|Any CPU
		{237FEE98-4EB5-42F8-B670-B0455AC86A24}.TEST|x86.ActiveCfg = TEST|Any CPU
		{884B8EF4-9F45-4B36-A19F-E313085BA1D7}.Debug|Any CPU.ActiveCfg = Debug|Any CPU
		{884B8EF4-9F45-4B36-A19F-E313085BA1D7}.Debug|Any CPU.Build.0 = Debug|Any CPU
		{884B8EF4-9F45-4B36-A19F-E313085BA1D7}.Debug|Mixed Platforms.ActiveCfg = Debug|Any CPU
		{884B8EF4-9F45-4B36-A19F-E313085BA1D7}.Debug|Mixed Platforms.Build.0 = Debug|Any CPU
		{884B8EF4-9F45-4B36-A19F-E313085BA1D7}.Debug|x86.ActiveCfg = Debug|Any CPU
		{884B8EF4-9F45-4B36-A19F-E313085BA1D7}.Debug|x86.Build.0 = Debug|Any CPU
		{884B8EF4-9F45-4B36-A19F-E313085BA1D7}.Release|Any CPU.ActiveCfg = Release|Any CPU
		{884B8EF4-9F45-4B36-A19F-E313085BA1D7}.Release|Any CPU.Build.0 = Release|Any CPU
		{884B8EF4-9F45-4B36-A19F-E313085BA1D7}.Release|Mixed Platforms.ActiveCfg = Release|Any CPU
		{884B8EF4-9F45-4B36-A19F-E313085BA1D7}.Release|Mixed Platforms.Build.0 = Release|Any CPU
		{884B8EF4-9F45-4B36-A19F-E313085BA1D7}.Release|x86.ActiveCfg = Release|Any CPU
		{884B8EF4-9F45-4B36-A19F-E313085BA1D7}.Release|x86.Build.0 = Release|Any CPU
		{884B8EF4-9F45-4B36-A19F-E313085BA1D7}.TEST|Any CPU.ActiveCfg = Release|Any CPU
		{884B8EF4-9F45-4B36-A19F-E313085BA1D7}.TEST|Any CPU.Build.0 = Release|Any CPU
		{884B8EF4-9F45-4B36-A19F-E313085BA1D7}.TEST|Mixed Platforms.ActiveCfg = Release|Any CPU
		{884B8EF4-9F45-4B36-A19F-E313085BA1D7}.TEST|Mixed Platforms.Build.0 = Release|Any CPU
		{884B8EF4-9F45-4B36-A19F-E313085BA1D7}.TEST|x86.ActiveCfg = Release|Any CPU
		{884B8EF4-9F45-4B36-A19F-E313085BA1D7}.TEST|x86.Build.0 = Release|Any CPU
	EndGlobalSection
	GlobalSection(SolutionProperties) = preSolution
		HideSolutionNode = FALSE
	EndGlobalSection
	GlobalSection(NestedProjects) = preSolution
		{D9B67B5C-05D1-4EB0-8F71-429758AE6A20} = {CB7782FA-79D8-4BA7-8D9F-E5C0E2F3307F}
		{34CC8365-7D54-4FF7-8AD3-35E4E5FF83FF} = {CB7782FA-79D8-4BA7-8D9F-E5C0E2F3307F}
		{884B8EF4-9F45-4B36-A19F-E313085BA1D7} = {CB7782FA-79D8-4BA7-8D9F-E5C0E2F3307F}
	EndGlobalSection
EndGlobal
