
Microsoft Visual Studio Solution File, Format Version 12.00
# Visual Studio 2013
Project("{FAE04EC0-301F-11D3-BF4B-00C04F79EFBC}") = "UnityVS.- Bouncing Ball.CSharp", "UnityVS.- Bouncing Ball.CSharp.csproj", "{7DC19E69-861F-3BBC-4708-47AC979ED1E7}"
EndProject
Project("{FAE04EC0-301F-11D3-BF4B-00C04F79EFBC}") = "UnityVS.- Bouncing Ball.CSharp.Editor", "UnityVS.- Bouncing Ball.CSharp.Editor.csproj", "{A56E2F2C-47E5-E9CC-5A71-AF5BFC884D77}"
EndProject
Global
	GlobalSection(SolutionConfigurationPlatforms) = preSolution
		Debug|Any CPU = Debug|Any CPU
		Release|Any CPU = Release|Any CPU
	EndGlobalSection
	GlobalSection(ProjectConfigurationPlatforms) = postSolution
		{7DC19E69-861F-3BBC-4708-47AC979ED1E7}.Debug|Any CPU.ActiveCfg = Debug|Any CPU
		{7DC19E69-861F-3BBC-4708-47AC979ED1E7}.Debug|Any CPU.Build.0 = Debug|Any CPU
		{7DC19E69-861F-3BBC-4708-47AC979ED1E7}.Release|Any CPU.ActiveCfg = Release|Any CPU
		{7DC19E69-861F-3BBC-4708-47AC979ED1E7}.Release|Any CPU.Build.0 = Release|Any CPU
		{A56E2F2C-47E5-E9CC-5A71-AF5BFC884D77}.Debug|Any CPU.ActiveCfg = Debug|Any CPU
		{A56E2F2C-47E5-E9CC-5A71-AF5BFC884D77}.Debug|Any CPU.Build.0 = Debug|Any CPU
		{A56E2F2C-47E5-E9CC-5A71-AF5BFC884D77}.Release|Any CPU.ActiveCfg = Release|Any CPU
		{A56E2F2C-47E5-E9CC-5A71-AF5BFC884D77}.Release|Any CPU.Build.0 = Release|Any CPU
	EndGlobalSection
	GlobalSection(SolutionProperties) = preSolution
		HideSolutionNode = FALSE
	EndGlobalSection
EndGlobal
