
Microsoft Visual Studio Solution File, Format Version 12.00
# Visual Studio 2013
Project("{FAE04EC0-301F-11D3-BF4B-00C04F79EFBC}") = "UnityVS.- Flocking.CSharp", "UnityVS.- Flocking.CSharp.csproj", "{1A2891E8-E3AE-0DE7-7465-B69556E919E7}"
EndProject
Project("{FAE04EC0-301F-11D3-BF4B-00C04F79EFBC}") = "UnityVS.- Flocking.CSharp.Editor", "UnityVS.- Flocking.CSharp.Editor.csproj", "{E877395E-0958-8EF4-DD93-C7EB8FD7742D}"
EndProject
Global
	GlobalSection(SolutionConfigurationPlatforms) = preSolution
		Debug|Any CPU = Debug|Any CPU
		Release|Any CPU = Release|Any CPU
	EndGlobalSection
	GlobalSection(ProjectConfigurationPlatforms) = postSolution
		{1A2891E8-E3AE-0DE7-7465-B69556E919E7}.Debug|Any CPU.ActiveCfg = Debug|Any CPU
		{1A2891E8-E3AE-0DE7-7465-B69556E919E7}.Debug|Any CPU.Build.0 = Debug|Any CPU
		{1A2891E8-E3AE-0DE7-7465-B69556E919E7}.Release|Any CPU.ActiveCfg = Release|Any CPU
		{1A2891E8-E3AE-0DE7-7465-B69556E919E7}.Release|Any CPU.Build.0 = Release|Any CPU
		{E877395E-0958-8EF4-DD93-C7EB8FD7742D}.Debug|Any CPU.ActiveCfg = Debug|Any CPU
		{E877395E-0958-8EF4-DD93-C7EB8FD7742D}.Debug|Any CPU.Build.0 = Debug|Any CPU
		{E877395E-0958-8EF4-DD93-C7EB8FD7742D}.Release|Any CPU.ActiveCfg = Release|Any CPU
		{E877395E-0958-8EF4-DD93-C7EB8FD7742D}.Release|Any CPU.Build.0 = Release|Any CPU
	EndGlobalSection
	GlobalSection(SolutionProperties) = preSolution
		HideSolutionNode = FALSE
	EndGlobalSection
EndGlobal
