
Microsoft Visual Studio Solution File, Format Version 12.00
# Visual Studio 2013
Project("{FAE04EC0-301F-11D3-BF4B-00C04F79EFBC}") = "UnityVS.- Flocking v2.CSharp", "UnityVS.- Flocking v2.CSharp.csproj", "{8B4D67C5-861D-DD60-169C-97F962A503DA}"
EndProject
Project("{FAE04EC0-301F-11D3-BF4B-00C04F79EFBC}") = "UnityVS.- Flocking v2.CSharp.Editor", "UnityVS.- Flocking v2.CSharp.Editor.csproj", "{D9980B10-E39D-195E-B027-945CF9767AE0}"
EndProject
Global
	GlobalSection(SolutionConfigurationPlatforms) = preSolution
		Debug|Any CPU = Debug|Any CPU
		Release|Any CPU = Release|Any CPU
	EndGlobalSection
	GlobalSection(ProjectConfigurationPlatforms) = postSolution
		{8B4D67C5-861D-DD60-169C-97F962A503DA}.Debug|Any CPU.ActiveCfg = Debug|Any CPU
		{8B4D67C5-861D-DD60-169C-97F962A503DA}.Debug|Any CPU.Build.0 = Debug|Any CPU
		{8B4D67C5-861D-DD60-169C-97F962A503DA}.Release|Any CPU.ActiveCfg = Release|Any CPU
		{8B4D67C5-861D-DD60-169C-97F962A503DA}.Release|Any CPU.Build.0 = Release|Any CPU
		{D9980B10-E39D-195E-B027-945CF9767AE0}.Debug|Any CPU.ActiveCfg = Debug|Any CPU
		{D9980B10-E39D-195E-B027-945CF9767AE0}.Debug|Any CPU.Build.0 = Debug|Any CPU
		{D9980B10-E39D-195E-B027-945CF9767AE0}.Release|Any CPU.ActiveCfg = Release|Any CPU
		{D9980B10-E39D-195E-B027-945CF9767AE0}.Release|Any CPU.Build.0 = Release|Any CPU
	EndGlobalSection
	GlobalSection(SolutionProperties) = preSolution
		HideSolutionNode = FALSE
	EndGlobalSection
EndGlobal
