Microsoft Visual Studio Solution File, Format Version 11.00
# Visual Studio 2008

Project("{58C63617-C3EB-F171-E893-8F14A6665CBC}") = "CNV (new) T4. List of lightswitches", "Assembly-CSharp-vs.csproj", "{13D14C32-8680-8AF9-66EF-3E180D48E969}"
EndProject
Project("{58C63617-C3EB-F171-E893-8F14A6665CBC}") = "CNV (new) T4. List of lightswitches", "Assembly-CSharp-Editor-vs.csproj", "{9E8E0BA1-39C4-C491-D41E-972E16B8213C}"
EndProject
Global
	GlobalSection(SolutionConfigurationPlatforms) = preSolution
		Debug|Any CPU = Debug|Any CPU
		Release|Any CPU = Release|Any CPU
	EndGlobalSection
	GlobalSection(ProjectConfigurationPlatforms) = postSolution
		{13D14C32-8680-8AF9-66EF-3E180D48E969}.Debug|Any CPU.ActiveCfg = Debug|Any CPU
		{13D14C32-8680-8AF9-66EF-3E180D48E969}.Debug|Any CPU.Build.0 = Debug|Any CPU
		{13D14C32-8680-8AF9-66EF-3E180D48E969}.Release|Any CPU.ActiveCfg = Release|Any CPU
		{13D14C32-8680-8AF9-66EF-3E180D48E969}.Release|Any CPU.Build.0 = Release|Any CPU
		{9E8E0BA1-39C4-C491-D41E-972E16B8213C}.Debug|Any CPU.ActiveCfg = Debug|Any CPU
		{9E8E0BA1-39C4-C491-D41E-972E16B8213C}.Debug|Any CPU.Build.0 = Debug|Any CPU
		{9E8E0BA1-39C4-C491-D41E-972E16B8213C}.Release|Any CPU.ActiveCfg = Release|Any CPU
		{9E8E0BA1-39C4-C491-D41E-972E16B8213C}.Release|Any CPU.Build.0 = Release|Any CPU
	EndGlobalSection
	GlobalSection(SolutionProperties) = preSolution
		HideSolutionNode = FALSE
	EndGlobalSection
											GlobalSection(MonoDevelopProperties) = preSolution
		StartupItem = Assembly-CSharp.csproj
		Policies = $0
		$0.TextStylePolicy = $1
		$1.inheritsSet = null
		$1.scope = text/x-csharp
		$0.CSharpFormattingPolicy = $2
		$2.inheritsSet = Mono
		$2.inheritsScope = text/x-csharp
		$2.scope = text/x-csharp
		$0.TextStylePolicy = $3
		$3.FileWidth = 120
		$3.TabWidth = 4
		$3.EolMarker = Unix
		$3.inheritsSet = Mono
		$3.inheritsScope = text/plain
		$3.scope = text/plain
	EndGlobalSection

EndGlobal
