
Microsoft Visual Studio Solution File, Format Version 12.00
# Visual Studio 2013
Project("{FAE04EC0-301F-11D3-BF4B-00C04F79EFBC}") = "UnityVS.Galaxy Wars - Casanova - Pre-Alpha.CSharp", "UnityVS.Galaxy Wars - Casanova - Pre-Alpha.CSharp.csproj", "{7F705946-A61C-970A-D764-0EC3E3A14B3A}"
EndProject
Project("{FAE04EC0-301F-11D3-BF4B-00C04F79EFBC}") = "UnityVS.Galaxy Wars - Casanova - Pre-Alpha.CSharp.Editor", "UnityVS.Galaxy Wars - Casanova - Pre-Alpha.CSharp.Editor.csproj", "{F3713A19-4ABB-9110-F6E0-E1B69CFC328F}"
EndProject
Global
	GlobalSection(SolutionConfigurationPlatforms) = preSolution
		Debug|Any CPU = Debug|Any CPU
		Release|Any CPU = Release|Any CPU
	EndGlobalSection
	GlobalSection(ProjectConfigurationPlatforms) = postSolution
		{7F705946-A61C-970A-D764-0EC3E3A14B3A}.Debug|Any CPU.ActiveCfg = Debug|Any CPU
		{7F705946-A61C-970A-D764-0EC3E3A14B3A}.Debug|Any CPU.Build.0 = Debug|Any CPU
		{7F705946-A61C-970A-D764-0EC3E3A14B3A}.Release|Any CPU.ActiveCfg = Release|Any CPU
		{7F705946-A61C-970A-D764-0EC3E3A14B3A}.Release|Any CPU.Build.0 = Release|Any CPU
		{F3713A19-4ABB-9110-F6E0-E1B69CFC328F}.Debug|Any CPU.ActiveCfg = Debug|Any CPU
		{F3713A19-4ABB-9110-F6E0-E1B69CFC328F}.Debug|Any CPU.Build.0 = Debug|Any CPU
		{F3713A19-4ABB-9110-F6E0-E1B69CFC328F}.Release|Any CPU.ActiveCfg = Release|Any CPU
		{F3713A19-4ABB-9110-F6E0-E1B69CFC328F}.Release|Any CPU.Build.0 = Release|Any CPU
	EndGlobalSection
	GlobalSection(SolutionProperties) = preSolution
		HideSolutionNode = FALSE
	EndGlobalSection
EndGlobal
