
Microsoft Visual Studio Solution File, Format Version 12.00
# Visual Studio 2015
Project("{FAE04EC0-301F-11D3-BF4B-00C04F79EFBC}") = "Tutorial1.CSharp", "Tutorial1.CSharp.csproj", "{103BF5CA-14F2-D8D3-E397-6C115568F7F7}"
EndProject
Project("{FAE04EC0-301F-11D3-BF4B-00C04F79EFBC}") = "Tutorial1.CSharp.Editor", "Tutorial1.CSharp.Editor.csproj", "{9DA2052F-90FF-C29A-A965-0B2FBB5CBCAB}"
EndProject
Global
	GlobalSection(SolutionConfigurationPlatforms) = preSolution
		Debug|Any CPU = Debug|Any CPU
		Release|Any CPU = Release|Any CPU
	EndGlobalSection
	GlobalSection(ProjectConfigurationPlatforms) = postSolution
		{103BF5CA-14F2-D8D3-E397-6C115568F7F7}.Debug|Any CPU.ActiveCfg = Debug|Any CPU
		{103BF5CA-14F2-D8D3-E397-6C115568F7F7}.Debug|Any CPU.Build.0 = Debug|Any CPU
		{103BF5CA-14F2-D8D3-E397-6C115568F7F7}.Release|Any CPU.ActiveCfg = Release|Any CPU
		{103BF5CA-14F2-D8D3-E397-6C115568F7F7}.Release|Any CPU.Build.0 = Release|Any CPU
		{9DA2052F-90FF-C29A-A965-0B2FBB5CBCAB}.Debug|Any CPU.ActiveCfg = Debug|Any CPU
		{9DA2052F-90FF-C29A-A965-0B2FBB5CBCAB}.Debug|Any CPU.Build.0 = Debug|Any CPU
		{9DA2052F-90FF-C29A-A965-0B2FBB5CBCAB}.Release|Any CPU.ActiveCfg = Release|Any CPU
		{9DA2052F-90FF-C29A-A965-0B2FBB5CBCAB}.Release|Any CPU.Build.0 = Release|Any CPU
	EndGlobalSection
	GlobalSection(SolutionProperties) = preSolution
		HideSolutionNode = FALSE
	EndGlobalSection
EndGlobal
