
Microsoft Visual Studio Solution File, Format Version 12.00
# Visual Studio 2015
Project("{FAE04EC0-301F-11D3-BF4B-00C04F79EFBC}") = "Tutorial11.CSharp", "Tutorial11.CSharp.csproj", "{76073B53-AA7C-A6AF-BC8C-F1A19950E884}"
EndProject
Project("{FAE04EC0-301F-11D3-BF4B-00C04F79EFBC}") = "Tutorial11.CSharp.Editor", "Tutorial11.CSharp.Editor.csproj", "{2C3C07E4-38AE-CE24-D325-27C884B8C38A}"
EndProject
Global
	GlobalSection(SolutionConfigurationPlatforms) = preSolution
		Debug|Any CPU = Debug|Any CPU
		Release|Any CPU = Release|Any CPU
	EndGlobalSection
	GlobalSection(ProjectConfigurationPlatforms) = postSolution
		{76073B53-AA7C-A6AF-BC8C-F1A19950E884}.Debug|Any CPU.ActiveCfg = Debug|Any CPU
		{76073B53-AA7C-A6AF-BC8C-F1A19950E884}.Debug|Any CPU.Build.0 = Debug|Any CPU
		{76073B53-AA7C-A6AF-BC8C-F1A19950E884}.Release|Any CPU.ActiveCfg = Release|Any CPU
		{76073B53-AA7C-A6AF-BC8C-F1A19950E884}.Release|Any CPU.Build.0 = Release|Any CPU
		{2C3C07E4-38AE-CE24-D325-27C884B8C38A}.Debug|Any CPU.ActiveCfg = Debug|Any CPU
		{2C3C07E4-38AE-CE24-D325-27C884B8C38A}.Debug|Any CPU.Build.0 = Debug|Any CPU
		{2C3C07E4-38AE-CE24-D325-27C884B8C38A}.Release|Any CPU.ActiveCfg = Release|Any CPU
		{2C3C07E4-38AE-CE24-D325-27C884B8C38A}.Release|Any CPU.Build.0 = Release|Any CPU
	EndGlobalSection
	GlobalSection(SolutionProperties) = preSolution
		HideSolutionNode = FALSE
	EndGlobalSection
EndGlobal
