Microsoft Visual Studio Solution File, Format Version 11.00
# Visual Studio 2008

Project("{173BC508-D2D2-D994-EC1B-C7D393EB1990}") = "Dyslexia1", "Assembly-CSharp.csproj", "{D5ACA1AA-EB53-F054-6660-E95FFAFA126E}"
EndProject
Project("{173BC508-D2D2-D994-EC1B-C7D393EB1990}") = "Dyslexia1", "Assembly-CSharp-Editor.csproj", "{1060F1AB-E91E-CB0F-E0E3-BBFDAE5A13F1}"
EndProject
Global
	GlobalSection(SolutionConfigurationPlatforms) = preSolution
		Debug|Any CPU = Debug|Any CPU
		Release|Any CPU = Release|Any CPU
	EndGlobalSection
	GlobalSection(ProjectConfigurationPlatforms) = postSolution
		{D5ACA1AA-EB53-F054-6660-E95FFAFA126E}.Debug|Any CPU.ActiveCfg = Debug|Any CPU
		{D5ACA1AA-EB53-F054-6660-E95FFAFA126E}.Debug|Any CPU.Build.0 = Debug|Any CPU
		{D5ACA1AA-EB53-F054-6660-E95FFAFA126E}.Release|Any CPU.ActiveCfg = Release|Any CPU
		{D5ACA1AA-EB53-F054-6660-E95FFAFA126E}.Release|Any CPU.Build.0 = Release|Any CPU
		{1060F1AB-E91E-CB0F-E0E3-BBFDAE5A13F1}.Debug|Any CPU.ActiveCfg = Debug|Any CPU
		{1060F1AB-E91E-CB0F-E0E3-BBFDAE5A13F1}.Debug|Any CPU.Build.0 = Debug|Any CPU
		{1060F1AB-E91E-CB0F-E0E3-BBFDAE5A13F1}.Release|Any CPU.ActiveCfg = Release|Any CPU
		{1060F1AB-E91E-CB0F-E0E3-BBFDAE5A13F1}.Release|Any CPU.Build.0 = Release|Any CPU
	EndGlobalSection
	GlobalSection(SolutionProperties) = preSolution
		HideSolutionNode = FALSE
	EndGlobalSection
														GlobalSection(MonoDevelopProperties) = preSolution
		StartupItem = Assembly-CSharp.csproj
		Policies = $0
		$0.TextStylePolicy = $1
		$1.inheritsSet = null
		$1.scope = text/x-csharp
		$0.CSharpFormattingPolicy = $2
		$2.inheritsSet = Mono
		$2.inheritsScope = text/x-csharp
		$2.scope = text/x-csharp
		$0.TextStylePolicy = $3
		$3.FileWidth = 120
		$3.TabWidth = 4
		$3.EolMarker = Unix
		$3.inheritsSet = Mono
		$3.inheritsScope = text/plain
		$3.scope = text/plain
	EndGlobalSection

EndGlobal
