
Microsoft Visual Studio Solution File, Format Version 12.00
# Visual Studio 2015
Project("{FAE04EC0-301F-11D3-BF4B-00C04F79EFBC}") = "- Galaxy Wars.CSharp", "- Galaxy Wars.CSharp.csproj", "{1DC7EC2D-F183-6806-46B8-3DC5BA708788}"
EndProject
Project("{FAE04EC0-301F-11D3-BF4B-00C04F79EFBC}") = "- Galaxy Wars.CSharp.Editor", "- Galaxy Wars.CSharp.Editor.csproj", "{3EFFD929-CCB2-EF25-D94C-1BDD56CC13B0}"
EndProject
Global
	GlobalSection(SolutionConfigurationPlatforms) = preSolution
		Debug|Any CPU = Debug|Any CPU
		Release|Any CPU = Release|Any CPU
	EndGlobalSection
	GlobalSection(ProjectConfigurationPlatforms) = postSolution
		{1DC7EC2D-F183-6806-46B8-3DC5BA708788}.Debug|Any CPU.ActiveCfg = Debug|Any CPU
		{1DC7EC2D-F183-6806-46B8-3DC5BA708788}.Debug|Any CPU.Build.0 = Debug|Any CPU
		{1DC7EC2D-F183-6806-46B8-3DC5BA708788}.Release|Any CPU.ActiveCfg = Release|Any CPU
		{1DC7EC2D-F183-6806-46B8-3DC5BA708788}.Release|Any CPU.Build.0 = Release|Any CPU
		{3EFFD929-CCB2-EF25-D94C-1BDD56CC13B0}.Debug|Any CPU.ActiveCfg = Debug|Any CPU
		{3EFFD929-CCB2-EF25-D94C-1BDD56CC13B0}.Debug|Any CPU.Build.0 = Debug|Any CPU
		{3EFFD929-CCB2-EF25-D94C-1BDD56CC13B0}.Release|Any CPU.ActiveCfg = Release|Any CPU
		{3EFFD929-CCB2-EF25-D94C-1BDD56CC13B0}.Release|Any CPU.Build.0 = Release|Any CPU
	EndGlobalSection
	GlobalSection(SolutionProperties) = preSolution
		HideSolutionNode = FALSE
	EndGlobalSection
EndGlobal
