Microsoft Visual Studio Solution File, Format Version 11.00
# Visual Studio 2008

Project("{0D269471-4A7B-30AD-9F5F-2DB8CCB0AC7E}") = "Tutorial2", "Assembly-CSharp.csproj", "{2C9C403A-C855-21AD-B1B8-1938B3885847}"
EndProject
Project("{0D269471-4A7B-30AD-9F5F-2DB8CCB0AC7E}") = "Tutorial2", "Assembly-CSharp-Editor.csproj", "{6F44A74C-E53C-910F-54C4-1A430EC6E47D}"
EndProject
Global
	GlobalSection(SolutionConfigurationPlatforms) = preSolution
		Debug|Any CPU = Debug|Any CPU
		Release|Any CPU = Release|Any CPU
	EndGlobalSection
	GlobalSection(ProjectConfigurationPlatforms) = postSolution
		{2C9C403A-C855-21AD-B1B8-1938B3885847}.Debug|Any CPU.ActiveCfg = Debug|Any CPU
		{2C9C403A-C855-21AD-B1B8-1938B3885847}.Debug|Any CPU.Build.0 = Debug|Any CPU
		{2C9C403A-C855-21AD-B1B8-1938B3885847}.Release|Any CPU.ActiveCfg = Release|Any CPU
		{2C9C403A-C855-21AD-B1B8-1938B3885847}.Release|Any CPU.Build.0 = Release|Any CPU
		{6F44A74C-E53C-910F-54C4-1A430EC6E47D}.Debug|Any CPU.ActiveCfg = Debug|Any CPU
		{6F44A74C-E53C-910F-54C4-1A430EC6E47D}.Debug|Any CPU.Build.0 = Debug|Any CPU
		{6F44A74C-E53C-910F-54C4-1A430EC6E47D}.Release|Any CPU.ActiveCfg = Release|Any CPU
		{6F44A74C-E53C-910F-54C4-1A430EC6E47D}.Release|Any CPU.Build.0 = Release|Any CPU
	EndGlobalSection
	GlobalSection(SolutionProperties) = preSolution
		HideSolutionNode = FALSE
	EndGlobalSection
		GlobalSection(MonoDevelopProperties) = preSolution
		StartupItem = Assembly-CSharp.csproj
		Policies = $0
		$0.TextStylePolicy = $1
		$1.inheritsSet = null
		$1.scope = text/x-csharp
		$0.CSharpFormattingPolicy = $2
		$2.inheritsSet = Mono
		$2.inheritsScope = text/x-csharp
		$2.scope = text/x-csharp
		$0.TextStylePolicy = $3
		$3.FileWidth = 120
		$3.TabWidth = 4
		$3.EolMarker = Unix
		$3.inheritsSet = Mono
		$3.inheritsScope = text/plain
		$3.scope = text/plain
	EndGlobalSection

EndGlobal
