
Microsoft Visual Studio Solution File, Format Version 12.00
# Visual Studio 2015
Project("{FAE04EC0-301F-11D3-BF4B-00C04F79EFBC}") = "MyFirstSample.CSharp", "MyFirstSample.CSharp.csproj", "{FFF8F198-4F65-D662-0CCB-330418E8016A}"
EndProject
Project("{FAE04EC0-301F-11D3-BF4B-00C04F79EFBC}") = "MyFirstSample.CSharp.Editor", "MyFirstSample.CSharp.Editor.csproj", "{DFCD82FB-70CD-F640-CC80-9BCFE2D7E54F}"
EndProject
Global
	GlobalSection(SolutionConfigurationPlatforms) = preSolution
		Debug|Any CPU = Debug|Any CPU
		Release|Any CPU = Release|Any CPU
	EndGlobalSection
	GlobalSection(ProjectConfigurationPlatforms) = postSolution
		{FFF8F198-4F65-D662-0CCB-330418E8016A}.Debug|Any CPU.ActiveCfg = Debug|Any CPU
		{FFF8F198-4F65-D662-0CCB-330418E8016A}.Debug|Any CPU.Build.0 = Debug|Any CPU
		{FFF8F198-4F65-D662-0CCB-330418E8016A}.Release|Any CPU.ActiveCfg = Release|Any CPU
		{FFF8F198-4F65-D662-0CCB-330418E8016A}.Release|Any CPU.Build.0 = Release|Any CPU
		{DFCD82FB-70CD-F640-CC80-9BCFE2D7E54F}.Debug|Any CPU.ActiveCfg = Debug|Any CPU
		{DFCD82FB-70CD-F640-CC80-9BCFE2D7E54F}.Debug|Any CPU.Build.0 = Debug|Any CPU
		{DFCD82FB-70CD-F640-CC80-9BCFE2D7E54F}.Release|Any CPU.ActiveCfg = Release|Any CPU
		{DFCD82FB-70CD-F640-CC80-9BCFE2D7E54F}.Release|Any CPU.Build.0 = Release|Any CPU
	EndGlobalSection
	GlobalSection(SolutionProperties) = preSolution
		HideSolutionNode = FALSE
	EndGlobalSection
EndGlobal
