
Microsoft Visual Studio Solution File, Format Version 12.00
# Visual Studio 2012
Project("{FAE04EC0-301F-11D3-BF4B-00C04F79EFBC}") = "UnityVS.Paper sample - Copy.CSharp", "UnityVS.Paper sample - Copy.CSharp.csproj", "{197C0A72-E4B7-9AD6-FDEF-371F2A3E0D8B}"
EndProject
Project("{FAE04EC0-301F-11D3-BF4B-00C04F79EFBC}") = "UnityVS.Paper sample - Copy.CSharp.Editor", "UnityVS.Paper sample - Copy.CSharp.Editor.csproj", "{5C00B8DF-4302-8AE0-D090-EB354F4C7B38}"
EndProject
Global
	GlobalSection(SolutionConfigurationPlatforms) = preSolution
		Debug|Any CPU = Debug|Any CPU
		Release|Any CPU = Release|Any CPU
	EndGlobalSection
	GlobalSection(ProjectConfigurationPlatforms) = postSolution
		{197C0A72-E4B7-9AD6-FDEF-371F2A3E0D8B}.Debug|Any CPU.ActiveCfg = Debug|Any CPU
		{197C0A72-E4B7-9AD6-FDEF-371F2A3E0D8B}.Debug|Any CPU.Build.0 = Debug|Any CPU
		{197C0A72-E4B7-9AD6-FDEF-371F2A3E0D8B}.Release|Any CPU.ActiveCfg = Release|Any CPU
		{197C0A72-E4B7-9AD6-FDEF-371F2A3E0D8B}.Release|Any CPU.Build.0 = Release|Any CPU
		{5C00B8DF-4302-8AE0-D090-EB354F4C7B38}.Debug|Any CPU.ActiveCfg = Debug|Any CPU
		{5C00B8DF-4302-8AE0-D090-EB354F4C7B38}.Debug|Any CPU.Build.0 = Debug|Any CPU
		{5C00B8DF-4302-8AE0-D090-EB354F4C7B38}.Release|Any CPU.ActiveCfg = Release|Any CPU
		{5C00B8DF-4302-8AE0-D090-EB354F4C7B38}.Release|Any CPU.Build.0 = Release|Any CPU
	EndGlobalSection
	GlobalSection(SolutionProperties) = preSolution
		HideSolutionNode = FALSE
	EndGlobalSection
EndGlobal
