
Microsoft Visual Studio Solution File, Format Version 12.00
# Visual Studio 2013
Project("{FAE04EC0-301F-11D3-BF4B-00C04F79EFBC}") = "UnityVS.Galaxy Wars - Casanova - Pre-Alpha - 2.CSharp", "UnityVS.Galaxy Wars - Casanova - Pre-Alpha - 2.CSharp.csproj", "{BD9CCB99-0052-AD81-CA92-42A4CC68998C}"
EndProject
Project("{FAE04EC0-301F-11D3-BF4B-00C04F79EFBC}") = "UnityVS.Galaxy Wars - Casanova - Pre-Alpha - 2.CSharp.Editor", "UnityVS.Galaxy Wars - Casanova - Pre-Alpha - 2.CSharp.Editor.csproj", "{D77BC023-77C6-3A0D-148D-351DFA2BA995}"
EndProject
Global
	GlobalSection(SolutionConfigurationPlatforms) = preSolution
		Debug|Any CPU = Debug|Any CPU
		Release|Any CPU = Release|Any CPU
	EndGlobalSection
	GlobalSection(ProjectConfigurationPlatforms) = postSolution
		{BD9CCB99-0052-AD81-CA92-42A4CC68998C}.Debug|Any CPU.ActiveCfg = Debug|Any CPU
		{BD9CCB99-0052-AD81-CA92-42A4CC68998C}.Debug|Any CPU.Build.0 = Debug|Any CPU
		{BD9CCB99-0052-AD81-CA92-42A4CC68998C}.Release|Any CPU.ActiveCfg = Release|Any CPU
		{BD9CCB99-0052-AD81-CA92-42A4CC68998C}.Release|Any CPU.Build.0 = Release|Any CPU
		{D77BC023-77C6-3A0D-148D-351DFA2BA995}.Debug|Any CPU.ActiveCfg = Debug|Any CPU
		{D77BC023-77C6-3A0D-148D-351DFA2BA995}.Debug|Any CPU.Build.0 = Debug|Any CPU
		{D77BC023-77C6-3A0D-148D-351DFA2BA995}.Release|Any CPU.ActiveCfg = Release|Any CPU
		{D77BC023-77C6-3A0D-148D-351DFA2BA995}.Release|Any CPU.Build.0 = Release|Any CPU
	EndGlobalSection
	GlobalSection(SolutionProperties) = preSolution
		HideSolutionNode = FALSE
	EndGlobalSection
EndGlobal
