
Microsoft Visual Studio Solution File, Format Version 12.00
# Visual Studio 2013
Project("{FAE04EC0-301F-11D3-BF4B-00C04F79EFBC}") = "UnityVS.Galaxy Wars - Casanova - Pre-Alpha - - -.CSharp", "UnityVS.Galaxy Wars - Casanova - Pre-Alpha - - -.CSharp.csproj", "{FE4975D6-8CED-947D-B66F-CED32E712C7C}"
EndProject
Project("{FAE04EC0-301F-11D3-BF4B-00C04F79EFBC}") = "UnityVS.Galaxy Wars - Casanova - Pre-Alpha - - -.CSharp.Editor", "UnityVS.Galaxy Wars - Casanova - Pre-Alpha - - -.CSharp.Editor.csproj", "{BC95307F-387E-9A24-FCB0-EBA515D67AA1}"
EndProject
Global
	GlobalSection(SolutionConfigurationPlatforms) = preSolution
		Debug|Any CPU = Debug|Any CPU
		Release|Any CPU = Release|Any CPU
	EndGlobalSection
	GlobalSection(ProjectConfigurationPlatforms) = postSolution
		{FE4975D6-8CED-947D-B66F-CED32E712C7C}.Debug|Any CPU.ActiveCfg = Debug|Any CPU
		{FE4975D6-8CED-947D-B66F-CED32E712C7C}.Debug|Any CPU.Build.0 = Debug|Any CPU
		{FE4975D6-8CED-947D-B66F-CED32E712C7C}.Release|Any CPU.ActiveCfg = Release|Any CPU
		{FE4975D6-8CED-947D-B66F-CED32E712C7C}.Release|Any CPU.Build.0 = Release|Any CPU
		{BC95307F-387E-9A24-FCB0-EBA515D67AA1}.Debug|Any CPU.ActiveCfg = Debug|Any CPU
		{BC95307F-387E-9A24-FCB0-EBA515D67AA1}.Debug|Any CPU.Build.0 = Debug|Any CPU
		{BC95307F-387E-9A24-FCB0-EBA515D67AA1}.Release|Any CPU.ActiveCfg = Release|Any CPU
		{BC95307F-387E-9A24-FCB0-EBA515D67AA1}.Release|Any CPU.Build.0 = Release|Any CPU
	EndGlobalSection
	GlobalSection(SolutionProperties) = preSolution
		HideSolutionNode = FALSE
	EndGlobalSection
EndGlobal
