
Microsoft Visual Studio Solution File, Format Version 12.00
# Visual Studio 2015
Project("{FAE04EC0-301F-11D3-BF4B-00C04F79EFBC}") = "Asteroid Shooter networking.CSharp", "Asteroid Shooter networking.CSharp.csproj", "{A26E2F27-659C-34AD-F313-92F8C4919762}"
EndProject
Project("{FAE04EC0-301F-11D3-BF4B-00C04F79EFBC}") = "Asteroid Shooter networking.CSharp.Editor", "Asteroid Shooter networking.CSharp.Editor.csproj", "{F090F8D3-6DCE-5C4A-86EC-D35963B4C780}"
EndProject
Global
	GlobalSection(SolutionConfigurationPlatforms) = preSolution
		Debug|Any CPU = Debug|Any CPU
		Release|Any CPU = Release|Any CPU
	EndGlobalSection
	GlobalSection(ProjectConfigurationPlatforms) = postSolution
		{A26E2F27-659C-34AD-F313-92F8C4919762}.Debug|Any CPU.ActiveCfg = Debug|Any CPU
		{A26E2F27-659C-34AD-F313-92F8C4919762}.Debug|Any CPU.Build.0 = Debug|Any CPU
		{A26E2F27-659C-34AD-F313-92F8C4919762}.Release|Any CPU.ActiveCfg = Release|Any CPU
		{A26E2F27-659C-34AD-F313-92F8C4919762}.Release|Any CPU.Build.0 = Release|Any CPU
		{F090F8D3-6DCE-5C4A-86EC-D35963B4C780}.Debug|Any CPU.ActiveCfg = Debug|Any CPU
		{F090F8D3-6DCE-5C4A-86EC-D35963B4C780}.Debug|Any CPU.Build.0 = Debug|Any CPU
		{F090F8D3-6DCE-5C4A-86EC-D35963B4C780}.Release|Any CPU.ActiveCfg = Release|Any CPU
		{F090F8D3-6DCE-5C4A-86EC-D35963B4C780}.Release|Any CPU.Build.0 = Release|Any CPU
	EndGlobalSection
	GlobalSection(SolutionProperties) = preSolution
		HideSolutionNode = FALSE
	EndGlobalSection
EndGlobal
