
Microsoft Visual Studio Solution File, Format Version 12.00
# Visual Studio 2015
Project("{FAE04EC0-301F-11D3-BF4B-00C04F79EFBC}") = "UnityVS.Asteroid Shooter networking.CSharp", "UnityVS.Asteroid Shooter networking.CSharp.csproj", "{53059DC7-AADA-2E1C-E9FE-2C9ACF613DC8}"
EndProject
Project("{FAE04EC0-301F-11D3-BF4B-00C04F79EFBC}") = "UnityVS.Asteroid Shooter networking.CSharp.Editor", "UnityVS.Asteroid Shooter networking.CSharp.Editor.csproj", "{A80EFA69-83AB-767A-637C-80CFBA37E47E}"
EndProject
Global
	GlobalSection(SolutionConfigurationPlatforms) = preSolution
		Debug|Any CPU = Debug|Any CPU
		Release|Any CPU = Release|Any CPU
	EndGlobalSection
	GlobalSection(ProjectConfigurationPlatforms) = postSolution
		{53059DC7-AADA-2E1C-E9FE-2C9ACF613DC8}.Debug|Any CPU.ActiveCfg = Debug|Any CPU
		{53059DC7-AADA-2E1C-E9FE-2C9ACF613DC8}.Debug|Any CPU.Build.0 = Debug|Any CPU
		{53059DC7-AADA-2E1C-E9FE-2C9ACF613DC8}.Release|Any CPU.ActiveCfg = Release|Any CPU
		{53059DC7-AADA-2E1C-E9FE-2C9ACF613DC8}.Release|Any CPU.Build.0 = Release|Any CPU
		{A80EFA69-83AB-767A-637C-80CFBA37E47E}.Debug|Any CPU.ActiveCfg = Debug|Any CPU
		{A80EFA69-83AB-767A-637C-80CFBA37E47E}.Debug|Any CPU.Build.0 = Debug|Any CPU
		{A80EFA69-83AB-767A-637C-80CFBA37E47E}.Release|Any CPU.ActiveCfg = Release|Any CPU
		{A80EFA69-83AB-767A-637C-80CFBA37E47E}.Release|Any CPU.Build.0 = Release|Any CPU
	EndGlobalSection
	GlobalSection(SolutionProperties) = preSolution
		HideSolutionNode = FALSE
	EndGlobalSection
EndGlobal
