Microsoft Visual Studio Solution File, Format Version 11.00
# Visual Studio 2008

Project("{BBAFF128-0050-5B22-A853-E8B7F4EB6A22}") = "Contact", "Assembly-CSharp.csproj", "{0D6487E0-E2B0-850B-9AAD-E8B8E073BCC5}"
EndProject
Project("{BBAFF128-0050-5B22-A853-E8B7F4EB6A22}") = "Contact", "Assembly-CSharp-Editor.csproj", "{62F3153C-D8CE-BC23-735C-A99D078298DC}"
EndProject
Project("{BBAFF128-0050-5B22-A853-E8B7F4EB6A22}") = "Contact", "Assembly-UnityScript.unityproj", "{CB698A25-C601-686C-C969-66CE226F9FA8}"
EndProject
Global
	GlobalSection(SolutionConfigurationPlatforms) = preSolution
		Debug|Any CPU = Debug|Any CPU
		Release|Any CPU = Release|Any CPU
	EndGlobalSection
	GlobalSection(ProjectConfigurationPlatforms) = postSolution
		{0D6487E0-E2B0-850B-9AAD-E8B8E073BCC5}.Debug|Any CPU.ActiveCfg = Debug|Any CPU
		{0D6487E0-E2B0-850B-9AAD-E8B8E073BCC5}.Debug|Any CPU.Build.0 = Debug|Any CPU
		{0D6487E0-E2B0-850B-9AAD-E8B8E073BCC5}.Release|Any CPU.ActiveCfg = Release|Any CPU
		{0D6487E0-E2B0-850B-9AAD-E8B8E073BCC5}.Release|Any CPU.Build.0 = Release|Any CPU
		{62F3153C-D8CE-BC23-735C-A99D078298DC}.Debug|Any CPU.ActiveCfg = Debug|Any CPU
		{62F3153C-D8CE-BC23-735C-A99D078298DC}.Debug|Any CPU.Build.0 = Debug|Any CPU
		{62F3153C-D8CE-BC23-735C-A99D078298DC}.Release|Any CPU.ActiveCfg = Release|Any CPU
		{62F3153C-D8CE-BC23-735C-A99D078298DC}.Release|Any CPU.Build.0 = Release|Any CPU
		{CB698A25-C601-686C-C969-66CE226F9FA8}.Debug|Any CPU.ActiveCfg = Debug|Any CPU
		{CB698A25-C601-686C-C969-66CE226F9FA8}.Debug|Any CPU.Build.0 = Debug|Any CPU
		{CB698A25-C601-686C-C969-66CE226F9FA8}.Release|Any CPU.ActiveCfg = Release|Any CPU
		{CB698A25-C601-686C-C969-66CE226F9FA8}.Release|Any CPU.Build.0 = Release|Any CPU
	EndGlobalSection
	GlobalSection(SolutionProperties) = preSolution
		HideSolutionNode = FALSE
	EndGlobalSection
																																																																																																																																																																																																																																																		GlobalSection(MonoDevelopProperties) = preSolution
		StartupItem = Assembly-CSharp.csproj
		Policies = $0
		$0.TextStylePolicy = $1
		$1.inheritsSet = null
		$1.scope = text/x-csharp
		$0.CSharpFormattingPolicy = $2
		$2.inheritsSet = Mono
		$2.inheritsScope = text/x-csharp
		$2.scope = text/x-csharp
		$0.TextStylePolicy = $3
		$3.FileWidth = 120
		$3.TabWidth = 4
		$3.EolMarker = Unix
		$3.inheritsSet = Mono
		$3.inheritsScope = text/plain
		$3.scope = text/plain
	EndGlobalSection

EndGlobal
