Microsoft Visual Studio Solution File, Format Version 11.00
# Visual Studio 2008

Project("{8C9EF10A-D950-EA87-89AD-2B535673B83A}") = "Tutorial13", "Assembly-CSharp.csproj", "{45665441-4269-0C1D-35FE-67D4D72AA2D3}"
EndProject
Project("{8C9EF10A-D950-EA87-89AD-2B535673B83A}") = "Tutorial13", "Assembly-CSharp-Editor.csproj", "{0842C08D-C4CE-B201-BB43-5B27837ADBEB}"
EndProject
Project("{8C9EF10A-D950-EA87-89AD-2B535673B83A}") = "Tutorial13", "Assembly-UnityScript.unityproj", "{99D9B211-B163-D300-D588-042F4CD9D596}"
EndProject
Global
	GlobalSection(SolutionConfigurationPlatforms) = preSolution
		Debug|Any CPU = Debug|Any CPU
		Release|Any CPU = Release|Any CPU
	EndGlobalSection
	GlobalSection(ProjectConfigurationPlatforms) = postSolution
		{45665441-4269-0C1D-35FE-67D4D72AA2D3}.Debug|Any CPU.ActiveCfg = Debug|Any CPU
		{45665441-4269-0C1D-35FE-67D4D72AA2D3}.Debug|Any CPU.Build.0 = Debug|Any CPU
		{45665441-4269-0C1D-35FE-67D4D72AA2D3}.Release|Any CPU.ActiveCfg = Release|Any CPU
		{45665441-4269-0C1D-35FE-67D4D72AA2D3}.Release|Any CPU.Build.0 = Release|Any CPU
		{0842C08D-C4CE-B201-BB43-5B27837ADBEB}.Debug|Any CPU.ActiveCfg = Debug|Any CPU
		{0842C08D-C4CE-B201-BB43-5B27837ADBEB}.Debug|Any CPU.Build.0 = Debug|Any CPU
		{0842C08D-C4CE-B201-BB43-5B27837ADBEB}.Release|Any CPU.ActiveCfg = Release|Any CPU
		{0842C08D-C4CE-B201-BB43-5B27837ADBEB}.Release|Any CPU.Build.0 = Release|Any CPU
		{99D9B211-B163-D300-D588-042F4CD9D596}.Debug|Any CPU.ActiveCfg = Debug|Any CPU
		{99D9B211-B163-D300-D588-042F4CD9D596}.Debug|Any CPU.Build.0 = Debug|Any CPU
		{99D9B211-B163-D300-D588-042F4CD9D596}.Release|Any CPU.ActiveCfg = Release|Any CPU
		{99D9B211-B163-D300-D588-042F4CD9D596}.Release|Any CPU.Build.0 = Release|Any CPU
	EndGlobalSection
	GlobalSection(SolutionProperties) = preSolution
		HideSolutionNode = FALSE
	EndGlobalSection
																																																																																														GlobalSection(MonoDevelopProperties) = preSolution
		StartupItem = Assembly-CSharp.csproj
		Policies = $0
		$0.TextStylePolicy = $1
		$1.inheritsSet = null
		$1.scope = text/x-csharp
		$0.CSharpFormattingPolicy = $2
		$2.inheritsSet = Mono
		$2.inheritsScope = text/x-csharp
		$2.scope = text/x-csharp
		$0.TextStylePolicy = $3
		$3.FileWidth = 120
		$3.TabWidth = 4
		$3.EolMarker = Unix
		$3.inheritsSet = Mono
		$3.inheritsScope = text/plain
		$3.scope = text/plain
	EndGlobalSection

EndGlobal
