Microsoft Visual Studio Solution File, Format Version 11.00
# Visual Studio 2008

Project("{9A3549A1-85A6-9DE9-DAC2-022F21454D59}") = "- Asteroid Shooter 3D Unity-5.2", "Assembly-CSharp.csproj", "{2CB54F68-CD1B-562E-CDCF-B17C61CC4C30}"
EndProject
Project("{9A3549A1-85A6-9DE9-DAC2-022F21454D59}") = "- Asteroid Shooter 3D Unity-5.2", "Assembly-CSharp-Editor.csproj", "{B3F0B945-9BB0-5C92-90AC-C000BE82C1D7}"
EndProject
Global
	GlobalSection(SolutionConfigurationPlatforms) = preSolution
		Debug|Any CPU = Debug|Any CPU
		Release|Any CPU = Release|Any CPU
	EndGlobalSection
	GlobalSection(ProjectConfigurationPlatforms) = postSolution
		{2CB54F68-CD1B-562E-CDCF-B17C61CC4C30}.Debug|Any CPU.ActiveCfg = Debug|Any CPU
		{2CB54F68-CD1B-562E-CDCF-B17C61CC4C30}.Debug|Any CPU.Build.0 = Debug|Any CPU
		{2CB54F68-CD1B-562E-CDCF-B17C61CC4C30}.Release|Any CPU.ActiveCfg = Release|Any CPU
		{2CB54F68-CD1B-562E-CDCF-B17C61CC4C30}.Release|Any CPU.Build.0 = Release|Any CPU
		{B3F0B945-9BB0-5C92-90AC-C000BE82C1D7}.Debug|Any CPU.ActiveCfg = Debug|Any CPU
		{B3F0B945-9BB0-5C92-90AC-C000BE82C1D7}.Debug|Any CPU.Build.0 = Debug|Any CPU
		{B3F0B945-9BB0-5C92-90AC-C000BE82C1D7}.Release|Any CPU.ActiveCfg = Release|Any CPU
		{B3F0B945-9BB0-5C92-90AC-C000BE82C1D7}.Release|Any CPU.Build.0 = Release|Any CPU
	EndGlobalSection
	GlobalSection(SolutionProperties) = preSolution
		HideSolutionNode = FALSE
	EndGlobalSection
																																		GlobalSection(MonoDevelopProperties) = preSolution
		StartupItem = Assembly-CSharp.csproj
		Policies = $0
		$0.TextStylePolicy = $1
		$1.inheritsSet = null
		$1.scope = text/x-csharp
		$0.CSharpFormattingPolicy = $2
		$2.inheritsSet = Mono
		$2.inheritsScope = text/x-csharp
		$2.scope = text/x-csharp
		$0.TextStylePolicy = $3
		$3.FileWidth = 120
		$3.TabWidth = 4
		$3.IndentWidth = 4
		$3.EolMarker = Unix
		$3.inheritsSet = Mono
		$3.inheritsScope = text/plain
		$3.scope = text/plain
	EndGlobalSection

EndGlobal
