
Microsoft Visual Studio Solution File, Format Version 12.00
# Visual Studio 2013
Project("{FAE04EC0-301F-11D3-BF4B-00C04F79EFBC}") = "UnityVS.- Asteroid Shooter 3D Unity-5.2.CSharp", "UnityVS.- Asteroid Shooter 3D Unity-5.2.CSharp.csproj", "{B6AB77FB-8929-554E-860F-F1FBE4957741}"
EndProject
Project("{FAE04EC0-301F-11D3-BF4B-00C04F79EFBC}") = "UnityVS.- Asteroid Shooter 3D Unity-5.2.CSharp.Editor", "UnityVS.- Asteroid Shooter 3D Unity-5.2.CSharp.Editor.csproj", "{EF1E88D0-67EF-A964-1672-5375821C04A7}"
EndProject
Global
	GlobalSection(SolutionConfigurationPlatforms) = preSolution
		Debug|Any CPU = Debug|Any CPU
		Release|Any CPU = Release|Any CPU
	EndGlobalSection
	GlobalSection(ProjectConfigurationPlatforms) = postSolution
		{B6AB77FB-8929-554E-860F-F1FBE4957741}.Debug|Any CPU.ActiveCfg = Debug|Any CPU
		{B6AB77FB-8929-554E-860F-F1FBE4957741}.Debug|Any CPU.Build.0 = Debug|Any CPU
		{B6AB77FB-8929-554E-860F-F1FBE4957741}.Release|Any CPU.ActiveCfg = Release|Any CPU
		{B6AB77FB-8929-554E-860F-F1FBE4957741}.Release|Any CPU.Build.0 = Release|Any CPU
		{EF1E88D0-67EF-A964-1672-5375821C04A7}.Debug|Any CPU.ActiveCfg = Debug|Any CPU
		{EF1E88D0-67EF-A964-1672-5375821C04A7}.Debug|Any CPU.Build.0 = Debug|Any CPU
		{EF1E88D0-67EF-A964-1672-5375821C04A7}.Release|Any CPU.ActiveCfg = Release|Any CPU
		{EF1E88D0-67EF-A964-1672-5375821C04A7}.Release|Any CPU.Build.0 = Release|Any CPU
	EndGlobalSection
	GlobalSection(SolutionProperties) = preSolution
		HideSolutionNode = FALSE
	EndGlobalSection
EndGlobal
