Microsoft Visual Studio Solution File, Format Version 11.00
# Visual Studio 2008

Project("{55EF3A7D-27BB-CAB0-2D90-E33742AAC380}") = "CNV (new) T0. Casanova Template", "Assembly-CSharp-vs.csproj", "{5F613607-53F8-D795-BB26-F70557C93A33}"
EndProject
Project("{55EF3A7D-27BB-CAB0-2D90-E33742AAC380}") = "CNV (new) T0. Casanova Template", "Assembly-CSharp-Editor-vs.csproj", "{D336E0B1-3993-6718-203C-C22FDE99ADDD}"
EndProject
Global
	GlobalSection(SolutionConfigurationPlatforms) = preSolution
		Debug|Any CPU = Debug|Any CPU
		Release|Any CPU = Release|Any CPU
	EndGlobalSection
	GlobalSection(ProjectConfigurationPlatforms) = postSolution
		{5F613607-53F8-D795-BB26-F70557C93A33}.Debug|Any CPU.ActiveCfg = Debug|Any CPU
		{5F613607-53F8-D795-BB26-F70557C93A33}.Debug|Any CPU.Build.0 = Debug|Any CPU
		{5F613607-53F8-D795-BB26-F70557C93A33}.Release|Any CPU.ActiveCfg = Release|Any CPU
		{5F613607-53F8-D795-BB26-F70557C93A33}.Release|Any CPU.Build.0 = Release|Any CPU
		{D336E0B1-3993-6718-203C-C22FDE99ADDD}.Debug|Any CPU.ActiveCfg = Debug|Any CPU
		{D336E0B1-3993-6718-203C-C22FDE99ADDD}.Debug|Any CPU.Build.0 = Debug|Any CPU
		{D336E0B1-3993-6718-203C-C22FDE99ADDD}.Release|Any CPU.ActiveCfg = Release|Any CPU
		{D336E0B1-3993-6718-203C-C22FDE99ADDD}.Release|Any CPU.Build.0 = Release|Any CPU
	EndGlobalSection
	GlobalSection(SolutionProperties) = preSolution
		HideSolutionNode = FALSE
	EndGlobalSection
			GlobalSection(MonoDevelopProperties) = preSolution
		StartupItem = Assembly-CSharp.csproj
		Policies = $0
		$0.TextStylePolicy = $1
		$1.inheritsSet = null
		$1.scope = text/x-csharp
		$0.CSharpFormattingPolicy = $2
		$2.inheritsSet = Mono
		$2.inheritsScope = text/x-csharp
		$2.scope = text/x-csharp
		$0.TextStylePolicy = $3
		$3.FileWidth = 120
		$3.TabWidth = 4
		$3.EolMarker = Unix
		$3.inheritsSet = Mono
		$3.inheritsScope = text/plain
		$3.scope = text/plain
	EndGlobalSection

EndGlobal
