
Microsoft Visual Studio Solution File, Format Version 12.00
# Visual Studio 2013
Project("{FAE04EC0-301F-11D3-BF4B-00C04F79EFBC}") = "UnityVS.- Snow Flakes v2.CSharp", "UnityVS.- Snow Flakes v2.CSharp.csproj", "{BF5E758A-FF27-D989-B5E1-72471EB8740A}"
EndProject
Project("{FAE04EC0-301F-11D3-BF4B-00C04F79EFBC}") = "UnityVS.- Snow Flakes v2.CSharp.Editor", "UnityVS.- Snow Flakes v2.CSharp.Editor.csproj", "{18FF2703-BE7D-81F1-29D3-9180DA2F9EF4}"
EndProject
Global
	GlobalSection(SolutionConfigurationPlatforms) = preSolution
		Debug|Any CPU = Debug|Any CPU
		Release|Any CPU = Release|Any CPU
	EndGlobalSection
	GlobalSection(ProjectConfigurationPlatforms) = postSolution
		{BF5E758A-FF27-D989-B5E1-72471EB8740A}.Debug|Any CPU.ActiveCfg = Debug|Any CPU
		{BF5E758A-FF27-D989-B5E1-72471EB8740A}.Debug|Any CPU.Build.0 = Debug|Any CPU
		{BF5E758A-FF27-D989-B5E1-72471EB8740A}.Release|Any CPU.ActiveCfg = Release|Any CPU
		{BF5E758A-FF27-D989-B5E1-72471EB8740A}.Release|Any CPU.Build.0 = Release|Any CPU
		{18FF2703-BE7D-81F1-29D3-9180DA2F9EF4}.Debug|Any CPU.ActiveCfg = Debug|Any CPU
		{18FF2703-BE7D-81F1-29D3-9180DA2F9EF4}.Debug|Any CPU.Build.0 = Debug|Any CPU
		{18FF2703-BE7D-81F1-29D3-9180DA2F9EF4}.Release|Any CPU.ActiveCfg = Release|Any CPU
		{18FF2703-BE7D-81F1-29D3-9180DA2F9EF4}.Release|Any CPU.Build.0 = Release|Any CPU
	EndGlobalSection
	GlobalSection(SolutionProperties) = preSolution
		HideSolutionNode = FALSE
	EndGlobalSection
EndGlobal
