
Microsoft Visual Studio Solution File, Format Version 12.00
# Visual Studio 2013
Project("{FAE04EC0-301F-11D3-BF4B-00C04F79EFBC}") = "UnityVS.Space shooter.CSharp", "UnityVS.Space shooter.CSharp.csproj", "{13AEBB3F-6D8F-4A2E-329D-C2044047CBD3}"
EndProject
Project("{FAE04EC0-301F-11D3-BF4B-00C04F79EFBC}") = "UnityVS.Space shooter.CSharp.Editor", "UnityVS.Space shooter.CSharp.Editor.csproj", "{2C2A171C-D139-2257-793D-D66C4BCF2761}"
EndProject
Global
	GlobalSection(SolutionConfigurationPlatforms) = preSolution
		Debug|Any CPU = Debug|Any CPU
		Release|Any CPU = Release|Any CPU
	EndGlobalSection
	GlobalSection(ProjectConfigurationPlatforms) = postSolution
		{13AEBB3F-6D8F-4A2E-329D-C2044047CBD3}.Debug|Any CPU.ActiveCfg = Debug|Any CPU
		{13AEBB3F-6D8F-4A2E-329D-C2044047CBD3}.Debug|Any CPU.Build.0 = Debug|Any CPU
		{13AEBB3F-6D8F-4A2E-329D-C2044047CBD3}.Release|Any CPU.ActiveCfg = Release|Any CPU
		{13AEBB3F-6D8F-4A2E-329D-C2044047CBD3}.Release|Any CPU.Build.0 = Release|Any CPU
		{2C2A171C-D139-2257-793D-D66C4BCF2761}.Debug|Any CPU.ActiveCfg = Debug|Any CPU
		{2C2A171C-D139-2257-793D-D66C4BCF2761}.Debug|Any CPU.Build.0 = Debug|Any CPU
		{2C2A171C-D139-2257-793D-D66C4BCF2761}.Release|Any CPU.ActiveCfg = Release|Any CPU
		{2C2A171C-D139-2257-793D-D66C4BCF2761}.Release|Any CPU.Build.0 = Release|Any CPU
	EndGlobalSection
	GlobalSection(SolutionProperties) = preSolution
		HideSolutionNode = FALSE
	EndGlobalSection
EndGlobal
