
Microsoft Visual Studio Solution File, Format Version 12.00
# Visual Studio 2012
Project("{FAE04EC0-301F-11D3-BF4B-00C04F79EFBC}") = "Bouncing balls test", "Bouncing balls test\Bouncing balls test.csproj", "{916A388F-220F-4FBC-8A5B-B95AC5A74159}"
EndProject
Global
	GlobalSection(SolutionConfigurationPlatforms) = preSolution
		Debug|Any CPU = Debug|Any CPU
		Release|Any CPU = Release|Any CPU
	EndGlobalSection
	GlobalSection(ProjectConfigurationPlatforms) = postSolution
		{916A388F-220F-4FBC-8A5B-B95AC5A74159}.Debug|Any CPU.ActiveCfg = Debug|Any CPU
		{916A388F-220F-4FBC-8A5B-B95AC5A74159}.Debug|Any CPU.Build.0 = Debug|Any CPU
		{916A388F-220F-4FBC-8A5B-B95AC5A74159}.Release|Any CPU.ActiveCfg = Release|Any CPU
		{916A388F-220F-4FBC-8A5B-B95AC5A74159}.Release|Any CPU.Build.0 = Release|Any CPU
	EndGlobalSection
	GlobalSection(SolutionProperties) = preSolution
		HideSolutionNode = FALSE
	EndGlobalSection
EndGlobal
