
Microsoft Visual Studio Solution File, Format Version 12.00
# Visual Studio 2015
Project("{FAE04EC0-301F-11D3-BF4B-00C04F79EFBC}") = "CNV (new) T1. Red green lightswitch.CSharp", "CNV (new) T1. Red green lightswitch.CSharp.csproj", "{8FB27C30-DB59-BF85-39CB-DBDBDFB6D93A}"
EndProject
Project("{FAE04EC0-301F-11D3-BF4B-00C04F79EFBC}") = "CNV (new) T1. Red green lightswitch.CSharp.Editor", "CNV (new) T1. Red green lightswitch.CSharp.Editor.csproj", "{8D74AA1E-5A49-36EC-AE84-8097A9D1E0F8}"
EndProject
Global
	GlobalSection(SolutionConfigurationPlatforms) = preSolution
		Debug|Any CPU = Debug|Any CPU
		Release|Any CPU = Release|Any CPU
	EndGlobalSection
	GlobalSection(ProjectConfigurationPlatforms) = postSolution
		{8FB27C30-DB59-BF85-39CB-DBDBDFB6D93A}.Debug|Any CPU.ActiveCfg = Debug|Any CPU
		{8FB27C30-DB59-BF85-39CB-DBDBDFB6D93A}.Debug|Any CPU.Build.0 = Debug|Any CPU
		{8FB27C30-DB59-BF85-39CB-DBDBDFB6D93A}.Release|Any CPU.ActiveCfg = Release|Any CPU
		{8FB27C30-DB59-BF85-39CB-DBDBDFB6D93A}.Release|Any CPU.Build.0 = Release|Any CPU
		{8D74AA1E-5A49-36EC-AE84-8097A9D1E0F8}.Debug|Any CPU.ActiveCfg = Debug|Any CPU
		{8D74AA1E-5A49-36EC-AE84-8097A9D1E0F8}.Debug|Any CPU.Build.0 = Debug|Any CPU
		{8D74AA1E-5A49-36EC-AE84-8097A9D1E0F8}.Release|Any CPU.ActiveCfg = Release|Any CPU
		{8D74AA1E-5A49-36EC-AE84-8097A9D1E0F8}.Release|Any CPU.Build.0 = Release|Any CPU
	EndGlobalSection
	GlobalSection(SolutionProperties) = preSolution
		HideSolutionNode = FALSE
	EndGlobalSection
EndGlobal
